// !$*UTF8*$!
{
	archiveVersion = 1;
	classes = {
	};
	objectVersion = 55;
	objects = {

/* Begin PBXBuildFile section */
		8A41EA6727CAB91800F6491C /* main.swift in Sources */ = {isa = PBXBuildFile; fileRef = 8A41EA6627CAB91800F6491C /* main.swift */; };
		8A5049FE27CDD8BE00C05E92 /* KeyboardViewController.swift in Sources */ = {isa = PBXBuildFile; fileRef = 8A5049FD27CDD8BE00C05E92 /* KeyboardViewController.swift */; };
		8A504A0227CDD8BE00C05E92 /* HaxeKey.appex in Embed App Extensions */ = {isa = PBXBuildFile; fileRef = 8A5049FB27CDD8BE00C05E92 /* HaxeKey.appex */; platformFilter = ios; settings = {ATTRIBUTES = (RemoveHeadersOnCopy, ); }; };
		8A504A0827DD6CF700C05E92 /* OtherViews.swift in Sources */ = {isa = PBXBuildFile; fileRef = 8A504A0727DD6CF700C05E92 /* OtherViews.swift */; };
		8A504A0C27DDC7D900C05E92 /* Josiah Modding Tools.app in CopyFiles */ = {isa = PBXBuildFile; fileRef = 8A69E3B32795F25900141808 /* Josiah Modding Tools.app */; };
		8A69E3B72795F25A00141808 /* AppDelegate.swift in Sources */ = {isa = PBXBuildFile; fileRef = 8A69E3B62795F25A00141808 /* AppDelegate.swift */; };
		8A69E3B92795F25A00141808 /* HomeViewController.swift in Sources */ = {isa = PBXBuildFile; fileRef = 8A69E3B82795F25A00141808 /* HomeViewController.swift */; };
		8A69E3BB2795F25B00141808 /* Assets.xcassets in Resources */ = {isa = PBXBuildFile; fileRef = 8A69E3BA2795F25B00141808 /* Assets.xcassets */; };
		8A69E3BE2795F25B00141808 /* Main.storyboard in Resources */ = {isa = PBXBuildFile; fileRef = 8A69E3BC2795F25B00141808 /* Main.storyboard */; };
		8A69E3C92795F25B00141808 /* Josiah_Modding_ToolsTests.swift in Sources */ = {isa = PBXBuildFile; fileRef = 8A69E3C82795F25B00141808 /* Josiah_Modding_ToolsTests.swift */; };
		8A69E3D32795F25C00141808 /* Josiah_Modding_ToolsUITests.swift in Sources */ = {isa = PBXBuildFile; fileRef = 8A69E3D22795F25C00141808 /* Josiah_Modding_ToolsUITests.swift */; };
		8A69E3D52795F25C00141808 /* Josiah_Modding_ToolsUITestsLaunchTests.swift in Sources */ = {isa = PBXBuildFile; fileRef = 8A69E3D42795F25C00141808 /* Josiah_Modding_ToolsUITestsLaunchTests.swift */; };
		8A69E3E22795FB1A00141808 /* SModViewController.swift in Sources */ = {isa = PBXBuildFile; fileRef = 8A69E3E12795FB1A00141808 /* SModViewController.swift */; };
		8A69E3E42796007600141808 /* Application.swift in Sources */ = {isa = PBXBuildFile; fileRef = 8A69E3E32796007600141808 /* Application.swift */; };
/* End PBXBuildFile section */

/* Begin PBXContainerItemProxy section */
		8A41EA6D27CABCC300F6491C /* PBXContainerItemProxy */ = {
			isa = PBXContainerItemProxy;
			containerPortal = 8A69E3AB2795F25900141808 /* Project object */;
			proxyType = 1;
			remoteGlobalIDString = 8A69E3B22795F25900141808;
			remoteInfo = "Josiah Modding Tools";
		};
		8A504A0027CDD8BE00C05E92 /* PBXContainerItemProxy */ = {
			isa = PBXContainerItemProxy;
			containerPortal = 8A69E3AB2795F25900141808 /* Project object */;
			proxyType = 1;
			remoteGlobalIDString = 8A5049FA27CDD8BE00C05E92;
			remoteInfo = HaxeKey;
		};
<<<<<<< HEAD
<<<<<<< HEAD
		8A69E3C52795F25B00141808 /* PBXContainerItemProxy */ = {
			isa = PBXContainerItemProxy;
			containerPortal = 8A69E3AB2795F25900141808 /* Project object */;
			proxyType = 1;
			remoteGlobalIDString = 8A69E3B22795F25900141808;
			remoteInfo = "Josiah Modding Tools";
		};
		8A69E3CF2795F25B00141808 /* PBXContainerItemProxy */ = {
			isa = PBXContainerItemProxy;
			containerPortal = 8A69E3AB2795F25900141808 /* Project object */;
			proxyType = 1;
			remoteGlobalIDString = 8A69E3B22795F25900141808;
			remoteInfo = "Josiah Modding Tools";
		};
/* End PBXContainerItemProxy section */

/* Begin PBXCopyFilesBuildPhase section */
		8A41EA5C27C9CF4D00F6491C /* Embed App Extensions */ = {
			isa = PBXCopyFilesBuildPhase;
			buildActionMask = 2147483647;
			dstPath = "";
			dstSubfolderSpec = 13;
			files = (
			);
			name = "Embed App Extensions";
			runOnlyForDeploymentPostprocessing = 0;
		};
		8A504A0627CDD8BE00C05E92 /* Embed App Extensions */ = {
			isa = PBXCopyFilesBuildPhase;
			buildActionMask = 2147483647;
			dstPath = "";
			dstSubfolderSpec = 13;
			files = (
				8A504A0227CDD8BE00C05E92 /* HaxeKey.appex in Embed App Extensions */,
			);
			name = "Embed App Extensions";
			runOnlyForDeploymentPostprocessing = 0;
		};
		8A504A0927DDC79800C05E92 /* CopyFiles */ = {
			isa = PBXCopyFilesBuildPhase;
			buildActionMask = 2147483647;
			dstPath = "~/Desktop/Josiah Modding Tools/Mac/bin/release";
			dstSubfolderSpec = 0;
			files = (
				8A504A0C27DDC7D900C05E92 /* Josiah Modding Tools.app in CopyFiles */,
			);
			runOnlyForDeploymentPostprocessing = 0;
		};
/* End PBXCopyFilesBuildPhase section */
=======
=======
>>>>>>> parent of 4a9dd0c (Got more of em)
/* End PBXContainerItemProxy section */
>>>>>>> parent of 4a9dd0c (Got more of em)

/* Begin PBXFileReference section */
		8A41EA6427CAB91800F6491C /* jmt */ = {isa = PBXFileReference; explicitFileType = "compiled.mach-o.executable"; includeInIndex = 0; path = jmt; sourceTree = BUILT_PRODUCTS_DIR; };
		8A41EA6627CAB91800F6491C /* main.swift */ = {isa = PBXFileReference; lastKnownFileType = sourcecode.swift; path = main.swift; sourceTree = "<group>"; };
		8A5048CA27CAF69300C05E92 /* Mod File.action */ = {isa = PBXFileReference; explicitFileType = wrapper.cfbundle; includeInIndex = 0; path = "Mod File.action"; sourceTree = BUILT_PRODUCTS_DIR; };
		8A5049FB27CDD8BE00C05E92 /* HaxeKey.appex */ = {isa = PBXFileReference; explicitFileType = "wrapper.app-extension"; includeInIndex = 0; path = HaxeKey.appex; sourceTree = BUILT_PRODUCTS_DIR; };
		8A5049FD27CDD8BE00C05E92 /* KeyboardViewController.swift */ = {isa = PBXFileReference; lastKnownFileType = sourcecode.swift; path = KeyboardViewController.swift; sourceTree = "<group>"; };
		8A5049FF27CDD8BE00C05E92 /* Info.plist */ = {isa = PBXFileReference; lastKnownFileType = text.plist.xml; path = Info.plist; sourceTree = "<group>"; };
		8A504A0727DD6CF700C05E92 /* OtherViews.swift */ = {isa = PBXFileReference; lastKnownFileType = sourcecode.swift; path = OtherViews.swift; sourceTree = "<group>"; };
		8A69E3B32795F25900141808 /* Josiah Modding Tools.app */ = {isa = PBXFileReference; explicitFileType = wrapper.application; includeInIndex = 0; path = "Josiah Modding Tools.app"; sourceTree = BUILT_PRODUCTS_DIR; };
		8A69E3B62795F25A00141808 /* AppDelegate.swift */ = {isa = PBXFileReference; lastKnownFileType = sourcecode.swift; path = AppDelegate.swift; sourceTree = "<group>"; };
		8A69E3B82795F25A00141808 /* HomeViewController.swift */ = {isa = PBXFileReference; lastKnownFileType = sourcecode.swift; path = HomeViewController.swift; sourceTree = "<group>"; };
		8A69E3BA2795F25B00141808 /* Assets.xcassets */ = {isa = PBXFileReference; lastKnownFileType = folder.assetcatalog; path = Assets.xcassets; sourceTree = "<group>"; };
		8A69E3BD2795F25B00141808 /* Base */ = {isa = PBXFileReference; lastKnownFileType = file.storyboard; name = Base; path = Base.lproj/Main.storyboard; sourceTree = "<group>"; };
		8A69E3BF2795F25B00141808 /* Josiah_Modding_Tools.entitlements */ = {isa = PBXFileReference; lastKnownFileType = text.plist.entitlements; path = Josiah_Modding_Tools.entitlements; sourceTree = "<group>"; };
		8A69E3C42795F25B00141808 /* Josiah Modding ToolsTests.xctest */ = {isa = PBXFileReference; explicitFileType = wrapper.cfbundle; includeInIndex = 0; path = "Josiah Modding ToolsTests.xctest"; sourceTree = BUILT_PRODUCTS_DIR; };
		8A69E3C82795F25B00141808 /* Josiah_Modding_ToolsTests.swift */ = {isa = PBXFileReference; lastKnownFileType = sourcecode.swift; path = Josiah_Modding_ToolsTests.swift; sourceTree = "<group>"; };
		8A69E3CE2795F25B00141808 /* Josiah Modding ToolsUITests.xctest */ = {isa = PBXFileReference; explicitFileType = wrapper.cfbundle; includeInIndex = 0; path = "Josiah Modding ToolsUITests.xctest"; sourceTree = BUILT_PRODUCTS_DIR; };
		8A69E3D22795F25C00141808 /* Josiah_Modding_ToolsUITests.swift */ = {isa = PBXFileReference; lastKnownFileType = sourcecode.swift; path = Josiah_Modding_ToolsUITests.swift; sourceTree = "<group>"; };
		8A69E3D42795F25C00141808 /* Josiah_Modding_ToolsUITestsLaunchTests.swift */ = {isa = PBXFileReference; lastKnownFileType = sourcecode.swift; path = Josiah_Modding_ToolsUITestsLaunchTests.swift; sourceTree = "<group>"; };
		8A69E3E12795FB1A00141808 /* SModViewController.swift */ = {isa = PBXFileReference; lastKnownFileType = sourcecode.swift; path = SModViewController.swift; sourceTree = "<group>"; };
		8A69E3E32796007600141808 /* Application.swift */ = {isa = PBXFileReference; lastKnownFileType = sourcecode.swift; path = Application.swift; sourceTree = "<group>"; };
/* End PBXFileReference section */

/* Begin PBXFrameworksBuildPhase section */
		8A41EA6127CAB91800F6491C /* Frameworks */ = {
			isa = PBXFrameworksBuildPhase;
			buildActionMask = 2147483647;
			files = (
			);
			runOnlyForDeploymentPostprocessing = 0;
		};
		8A5048C627CAF69300C05E92 /* Frameworks */ = {
			isa = PBXFrameworksBuildPhase;
			buildActionMask = 2147483647;
			files = (
			);
			runOnlyForDeploymentPostprocessing = 0;
		};
<<<<<<< HEAD
<<<<<<< HEAD
		8A5049F827CDD8BE00C05E92 /* Frameworks */ = {
			isa = PBXFrameworksBuildPhase;
			buildActionMask = 2147483647;
			files = (
			);
			runOnlyForDeploymentPostprocessing = 0;
		};
		8A69E3B02795F25900141808 /* Frameworks */ = {
			isa = PBXFrameworksBuildPhase;
			buildActionMask = 2147483647;
			files = (
			);
			runOnlyForDeploymentPostprocessing = 0;
		};
		8A69E3C12795F25B00141808 /* Frameworks */ = {
			isa = PBXFrameworksBuildPhase;
			buildActionMask = 2147483647;
			files = (
			);
			runOnlyForDeploymentPostprocessing = 0;
		};
		8A69E3CB2795F25B00141808 /* Frameworks */ = {
			isa = PBXFrameworksBuildPhase;
			buildActionMask = 2147483647;
			files = (
			);
			runOnlyForDeploymentPostprocessing = 0;
		};
/* End PBXFrameworksBuildPhase section */

/* Begin PBXGroup section */
		8A41EA6527CAB91800F6491C /* jmt */ = {
			isa = PBXGroup;
			children = (
				8A41EA6627CAB91800F6491C /* main.swift */,
			);
			path = jmt;
			sourceTree = "<group>";
		};
		8A5049FC27CDD8BE00C05E92 /* HaxeKey */ = {
			isa = PBXGroup;
			children = (
				8A5049FD27CDD8BE00C05E92 /* KeyboardViewController.swift */,
				8A5049FF27CDD8BE00C05E92 /* Info.plist */,
			);
			path = HaxeKey;
			sourceTree = "<group>";
		};
=======
=======
>>>>>>> parent of 4a9dd0c (Got more of em)
/* End PBXFrameworksBuildPhase section */

/* Begin PBXGroup section */
>>>>>>> parent of 4a9dd0c (Got more of em)
		8A69E3AA2795F25900141808 = {
			isa = PBXGroup;
			children = (
				8A69E3B52795F25A00141808 /* Josiah Modding Tools */,
				8A69E3C72795F25B00141808 /* Josiah Modding ToolsTests */,
				8A69E3D12795F25B00141808 /* Josiah Modding ToolsUITests */,
<<<<<<< HEAD
<<<<<<< HEAD
<<<<<<< HEAD
				8A69E3EF27977B3C00141808 /* Remote Josiah Modder */,
				8A69E40627977B3E00141808 /* Remote Josiah ModderTests */,
				8A69E41027977B3E00141808 /* Remote Josiah ModderUITests */,
				8A69E4DE2798E5FC00141808 /* OptiMod */,
				8A69E4F52798E5FE00141808 /* OptiModTests */,
				8A69E4FF2798E5FE00141808 /* OptiModUITests */,
				8A41EA6527CAB91800F6491C /* jmt */,
				8A5049FC27CDD8BE00C05E92 /* HaxeKey */,
=======
>>>>>>> parent of 4a9dd0c (Got more of em)
=======
>>>>>>> parent of 4a9dd0c (Got more of em)
=======
>>>>>>> parent of 4a9dd0c (Got more of em)
				8A69E3B42795F25900141808 /* Products */,
			);
			sourceTree = "<group>";
		};
		8A69E3B42795F25900141808 /* Products */ = {
			isa = PBXGroup;
			children = (
				8A69E3B32795F25900141808 /* Josiah Modding Tools.app */,
				8A69E3C42795F25B00141808 /* Josiah Modding ToolsTests.xctest */,
				8A69E3CE2795F25B00141808 /* Josiah Modding ToolsUITests.xctest */,
<<<<<<< HEAD
<<<<<<< HEAD
<<<<<<< HEAD
				8A69E3EE27977B3C00141808 /* Remote Josiah Modder.app */,
				8A69E40327977B3E00141808 /* Remote Josiah ModderTests.xctest */,
				8A69E40D27977B3E00141808 /* Remote Josiah ModderUITests.xctest */,
				8A69E4DD2798E5FC00141808 /* OptiMod.app */,
				8A69E4F22798E5FE00141808 /* OptiModTests.xctest */,
				8A69E4FC2798E5FE00141808 /* OptiModUITests.xctest */,
				8A41EA6427CAB91800F6491C /* jmt */,
				8A5048CA27CAF69300C05E92 /* Mod File.action */,
				8A5049FB27CDD8BE00C05E92 /* HaxeKey.appex */,
=======
>>>>>>> parent of 4a9dd0c (Got more of em)
=======
>>>>>>> parent of 4a9dd0c (Got more of em)
=======
>>>>>>> parent of 4a9dd0c (Got more of em)
			);
			name = Products;
			sourceTree = "<group>";
		};
		8A69E3B52795F25A00141808 /* Josiah Modding Tools */ = {
			isa = PBXGroup;
			children = (
				8A69E3B62795F25A00141808 /* AppDelegate.swift */,
				8A69E3B82795F25A00141808 /* HomeViewController.swift */,
				8A69E3BA2795F25B00141808 /* Assets.xcassets */,
				8A69E3BC2795F25B00141808 /* Main.storyboard */,
				8A69E3BF2795F25B00141808 /* Josiah_Modding_Tools.entitlements */,
				8A69E3E12795FB1A00141808 /* SModViewController.swift */,
				8A69E3E32796007600141808 /* Application.swift */,
				8A504A0727DD6CF700C05E92 /* OtherViews.swift */,
			);
			path = "Josiah Modding Tools";
			sourceTree = "<group>";
		};
		8A69E3C72795F25B00141808 /* Josiah Modding ToolsTests */ = {
			isa = PBXGroup;
			children = (
				8A69E3C82795F25B00141808 /* Josiah_Modding_ToolsTests.swift */,
			);
			path = "Josiah Modding ToolsTests";
			sourceTree = "<group>";
		};
		8A69E3D12795F25B00141808 /* Josiah Modding ToolsUITests */ = {
			isa = PBXGroup;
			children = (
				8A69E3D22795F25C00141808 /* Josiah_Modding_ToolsUITests.swift */,
				8A69E3D42795F25C00141808 /* Josiah_Modding_ToolsUITestsLaunchTests.swift */,
			);
			path = "Josiah Modding ToolsUITests";
			sourceTree = "<group>";
		};
/* End PBXGroup section */

/* Begin PBXNativeTarget section */
<<<<<<< HEAD
<<<<<<< HEAD
		8A41EA6327CAB91800F6491C /* jmt */ = {
			isa = PBXNativeTarget;
			buildConfigurationList = 8A41EA6827CAB91800F6491C /* Build configuration list for PBXNativeTarget "jmt" */;
			buildPhases = (
				8A41EA6027CAB91800F6491C /* Sources */,
				8A41EA6127CAB91800F6491C /* Frameworks */,
			);
			buildRules = (
			);
			dependencies = (
				8A41EA6E27CABCC300F6491C /* PBXTargetDependency */,
			);
			name = jmt;
			productName = jmt;
			productReference = 8A41EA6427CAB91800F6491C /* jmt */;
			productType = "com.apple.product-type.tool";
		};
		8A5048C927CAF69300C05E92 /* Mod File */ = {
			isa = PBXNativeTarget;
			buildConfigurationList = 8A5048D627CAF69300C05E92 /* Build configuration list for PBXNativeTarget "Mod File" */;
			buildPhases = (
				8A5048C527CAF69300C05E92 /* Sources */,
				8A5048C627CAF69300C05E92 /* Frameworks */,
				8A5048C727CAF69300C05E92 /* Resources */,
				8A5048C827CAF69300C05E92 /* ShellScript */,
			);
			buildRules = (
			);
			dependencies = (
			);
			name = "Mod File";
			productName = "Mod File";
			productReference = 8A5048CA27CAF69300C05E92 /* Mod File.action */;
			productType = "com.apple.product-type.bundle";
		};
		8A5049FA27CDD8BE00C05E92 /* HaxeKey */ = {
			isa = PBXNativeTarget;
			buildConfigurationList = 8A504A0327CDD8BE00C05E92 /* Build configuration list for PBXNativeTarget "HaxeKey" */;
			buildPhases = (
				8A5049F727CDD8BE00C05E92 /* Sources */,
				8A5049F827CDD8BE00C05E92 /* Frameworks */,
				8A5049F927CDD8BE00C05E92 /* Resources */,
			);
			buildRules = (
			);
			dependencies = (
			);
			name = HaxeKey;
			productName = HaxeKey;
			productReference = 8A5049FB27CDD8BE00C05E92 /* HaxeKey.appex */;
			productType = "com.apple.product-type.app-extension";
		};
=======
>>>>>>> parent of 4a9dd0c (Got more of em)
=======
>>>>>>> parent of 4a9dd0c (Got more of em)
		8A69E3B22795F25900141808 /* Josiah Modding Tools */ = {
			isa = PBXNativeTarget;
			buildConfigurationList = 8A69E3D82795F25C00141808 /* Build configuration list for PBXNativeTarget "Josiah Modding Tools" */;
			buildPhases = (
				8A69E3AF2795F25900141808 /* Sources */,
				8A69E3B02795F25900141808 /* Frameworks */,
				8A69E3B12795F25900141808 /* Resources */,
				8A41EA5C27C9CF4D00F6491C /* Embed App Extensions */,
				8A504A0927DDC79800C05E92 /* CopyFiles */,
			);
			buildRules = (
			);
			dependencies = (
			);
			name = "Josiah Modding Tools";
			productName = "Josiah Modding Tools";
			productReference = 8A69E3B32795F25900141808 /* Josiah Modding Tools.app */;
			productType = "com.apple.product-type.application";
		};
		8A69E3C32795F25B00141808 /* Josiah Modding ToolsTests */ = {
			isa = PBXNativeTarget;
			buildConfigurationList = 8A69E3DB2795F25C00141808 /* Build configuration list for PBXNativeTarget "Josiah Modding ToolsTests" */;
			buildPhases = (
				8A69E3C02795F25B00141808 /* Sources */,
				8A69E3C12795F25B00141808 /* Frameworks */,
				8A69E3C22795F25B00141808 /* Resources */,
			);
			buildRules = (
			);
			dependencies = (
				8A69E3C62795F25B00141808 /* PBXTargetDependency */,
			);
			name = "Josiah Modding ToolsTests";
			productName = "Josiah Modding ToolsTests";
			productReference = 8A69E3C42795F25B00141808 /* Josiah Modding ToolsTests.xctest */;
			productType = "com.apple.product-type.bundle.unit-test";
		};
		8A69E3CD2795F25B00141808 /* Josiah Modding ToolsUITests */ = {
			isa = PBXNativeTarget;
			buildConfigurationList = 8A69E3DE2795F25C00141808 /* Build configuration list for PBXNativeTarget "Josiah Modding ToolsUITests" */;
			buildPhases = (
				8A69E3CA2795F25B00141808 /* Sources */,
				8A69E3CB2795F25B00141808 /* Frameworks */,
				8A69E3CC2795F25B00141808 /* Resources */,
			);
			buildRules = (
			);
			dependencies = (
				8A69E3D02795F25B00141808 /* PBXTargetDependency */,
			);
			name = "Josiah Modding ToolsUITests";
			productName = "Josiah Modding ToolsUITests";
			productReference = 8A69E3CE2795F25B00141808 /* Josiah Modding ToolsUITests.xctest */;
			productType = "com.apple.product-type.bundle.ui-testing";
		};
<<<<<<< HEAD
<<<<<<< HEAD
<<<<<<< HEAD
		8A69E3ED27977B3C00141808 /* Remote Josiah Modder */ = {
			isa = PBXNativeTarget;
			buildConfigurationList = 8A69E41B27977B3E00141808 /* Build configuration list for PBXNativeTarget "Remote Josiah Modder" */;
			buildPhases = (
				8A69E3EA27977B3C00141808 /* Sources */,
				8A69E3EB27977B3C00141808 /* Frameworks */,
				8A69E3EC27977B3C00141808 /* Resources */,
				8A504A0627CDD8BE00C05E92 /* Embed App Extensions */,
			);
			buildRules = (
			);
			dependencies = (
				8A504A0127CDD8BE00C05E92 /* PBXTargetDependency */,
			);
			name = "Remote Josiah Modder";
			productName = "Remote Josiah Modder";
			productReference = 8A69E3EE27977B3C00141808 /* Remote Josiah Modder.app */;
			productType = "com.apple.product-type.application";
		};
		8A69E40227977B3E00141808 /* Remote Josiah ModderTests */ = {
			isa = PBXNativeTarget;
			buildConfigurationList = 8A69E41C27977B3E00141808 /* Build configuration list for PBXNativeTarget "Remote Josiah ModderTests" */;
			buildPhases = (
				8A69E3FF27977B3E00141808 /* Sources */,
				8A69E40027977B3E00141808 /* Frameworks */,
				8A69E40127977B3E00141808 /* Resources */,
			);
			buildRules = (
			);
			dependencies = (
				8A69E40527977B3E00141808 /* PBXTargetDependency */,
			);
			name = "Remote Josiah ModderTests";
			productName = "Remote Josiah ModderTests";
			productReference = 8A69E40327977B3E00141808 /* Remote Josiah ModderTests.xctest */;
			productType = "com.apple.product-type.bundle.unit-test";
		};
		8A69E40C27977B3E00141808 /* Remote Josiah ModderUITests */ = {
			isa = PBXNativeTarget;
			buildConfigurationList = 8A69E41D27977B3E00141808 /* Build configuration list for PBXNativeTarget "Remote Josiah ModderUITests" */;
			buildPhases = (
				8A69E40927977B3E00141808 /* Sources */,
				8A69E40A27977B3E00141808 /* Frameworks */,
				8A69E40B27977B3E00141808 /* Resources */,
			);
			buildRules = (
			);
			dependencies = (
				8A69E40F27977B3E00141808 /* PBXTargetDependency */,
			);
			name = "Remote Josiah ModderUITests";
			productName = "Remote Josiah ModderUITests";
			productReference = 8A69E40D27977B3E00141808 /* Remote Josiah ModderUITests.xctest */;
			productType = "com.apple.product-type.bundle.ui-testing";
		};
		8A69E4DC2798E5FC00141808 /* OptiMod */ = {
			isa = PBXNativeTarget;
			buildConfigurationList = 8A69E5042798E5FE00141808 /* Build configuration list for PBXNativeTarget "OptiMod" */;
			buildPhases = (
				8A69E4D92798E5FC00141808 /* Sources */,
				8A69E4DA2798E5FC00141808 /* Frameworks */,
				8A69E4DB2798E5FC00141808 /* Resources */,
			);
			buildRules = (
			);
			dependencies = (
			);
			name = OptiMod;
			productName = OptiMod;
			productReference = 8A69E4DD2798E5FC00141808 /* OptiMod.app */;
			productType = "com.apple.product-type.application";
		};
		8A69E4F12798E5FE00141808 /* OptiModTests */ = {
			isa = PBXNativeTarget;
			buildConfigurationList = 8A69E5072798E5FE00141808 /* Build configuration list for PBXNativeTarget "OptiModTests" */;
			buildPhases = (
				8A69E4EE2798E5FE00141808 /* Sources */,
				8A69E4EF2798E5FE00141808 /* Frameworks */,
				8A69E4F02798E5FE00141808 /* Resources */,
			);
			buildRules = (
			);
			dependencies = (
				8A69E4F42798E5FE00141808 /* PBXTargetDependency */,
			);
			name = OptiModTests;
			productName = OptiModTests;
			productReference = 8A69E4F22798E5FE00141808 /* OptiModTests.xctest */;
			productType = "com.apple.product-type.bundle.unit-test";
		};
		8A69E4FB2798E5FE00141808 /* OptiModUITests */ = {
			isa = PBXNativeTarget;
			buildConfigurationList = 8A69E50A2798E5FE00141808 /* Build configuration list for PBXNativeTarget "OptiModUITests" */;
			buildPhases = (
				8A69E4F82798E5FE00141808 /* Sources */,
				8A69E4F92798E5FE00141808 /* Frameworks */,
				8A69E4FA2798E5FE00141808 /* Resources */,
			);
			buildRules = (
			);
			dependencies = (
				8A69E4FE2798E5FE00141808 /* PBXTargetDependency */,
			);
			name = OptiModUITests;
			productName = OptiModUITests;
			productReference = 8A69E4FC2798E5FE00141808 /* OptiModUITests.xctest */;
			productType = "com.apple.product-type.bundle.ui-testing";
		};
=======
>>>>>>> parent of 4a9dd0c (Got more of em)
=======
>>>>>>> parent of 4a9dd0c (Got more of em)
=======
>>>>>>> parent of 4a9dd0c (Got more of em)
/* End PBXNativeTarget section */

/* Begin PBXProject section */
		8A69E3AB2795F25900141808 /* Project object */ = {
			isa = PBXProject;
			attributes = {
				BuildIndependentTargetsInParallel = 1;
				LastSwiftUpdateCheck = 1320;
				LastUpgradeCheck = 1320;
				TargetAttributes = {
<<<<<<< HEAD
					8A41EA6327CAB91800F6491C = {
						CreatedOnToolsVersion = 13.2.1;
					};
					8A5048C927CAF69300C05E92 = {
						CreatedOnToolsVersion = 13.2.1;
					};
					8A5049FA27CDD8BE00C05E92 = {
						CreatedOnToolsVersion = 13.2.1;
					};
<<<<<<< HEAD
=======
>>>>>>> parent of 4a9dd0c (Got more of em)
					8A69E3B22795F25900141808 = {
						CreatedOnToolsVersion = 13.2.1;
					};
					8A69E3C32795F25B00141808 = {
						CreatedOnToolsVersion = 13.2.1;
						TestTargetID = 8A69E3B22795F25900141808;
					};
					8A69E3CD2795F25B00141808 = {
						CreatedOnToolsVersion = 13.2.1;
						TestTargetID = 8A69E3B22795F25900141808;
					};
<<<<<<< HEAD
=======
>>>>>>> parent of 4a9dd0c (Got more of em)
=======
>>>>>>> parent of 4a9dd0c (Got more of em)
				};
			};
			buildConfigurationList = 8A69E3AE2795F25900141808 /* Build configuration list for PBXProject "Josiah Modding Tools" */;
			compatibilityVersion = "Xcode 13.0";
			developmentRegion = en;
			hasScannedForEncodings = 0;
			knownRegions = (
				en,
				Base,
			);
			mainGroup = 8A69E3AA2795F25900141808;
			productRefGroup = 8A69E3B42795F25900141808 /* Products */;
			projectDirPath = "";
			projectRoot = "";
			targets = (
				8A69E3B22795F25900141808 /* Josiah Modding Tools */,
				8A69E3C32795F25B00141808 /* Josiah Modding ToolsTests */,
				8A69E3CD2795F25B00141808 /* Josiah Modding ToolsUITests */,
<<<<<<< HEAD
<<<<<<< HEAD
<<<<<<< HEAD
				8A69E3ED27977B3C00141808 /* Remote Josiah Modder */,
				8A69E40227977B3E00141808 /* Remote Josiah ModderTests */,
				8A69E40C27977B3E00141808 /* Remote Josiah ModderUITests */,
				8A69E4DC2798E5FC00141808 /* OptiMod */,
				8A69E4F12798E5FE00141808 /* OptiModTests */,
				8A69E4FB2798E5FE00141808 /* OptiModUITests */,
				8A41EA6327CAB91800F6491C /* jmt */,
				8A5048C927CAF69300C05E92 /* Mod File */,
				8A5049FA27CDD8BE00C05E92 /* HaxeKey */,
=======
>>>>>>> parent of 4a9dd0c (Got more of em)
=======
>>>>>>> parent of 4a9dd0c (Got more of em)
=======
>>>>>>> parent of 4a9dd0c (Got more of em)
			);
		};
/* End PBXProject section */

/* Begin PBXResourcesBuildPhase section */
		8A5048C727CAF69300C05E92 /* Resources */ = {
			isa = PBXResourcesBuildPhase;
			buildActionMask = 2147483647;
			files = (
			);
			runOnlyForDeploymentPostprocessing = 0;
		};
		8A5049F927CDD8BE00C05E92 /* Resources */ = {
			isa = PBXResourcesBuildPhase;
			buildActionMask = 2147483647;
			files = (
			);
			runOnlyForDeploymentPostprocessing = 0;
		};
		8A69E3B12795F25900141808 /* Resources */ = {
			isa = PBXResourcesBuildPhase;
			buildActionMask = 2147483647;
			files = (
				8A69E3BB2795F25B00141808 /* Assets.xcassets in Resources */,
				8A69E3BE2795F25B00141808 /* Main.storyboard in Resources */,
			);
			runOnlyForDeploymentPostprocessing = 0;
		};
<<<<<<< HEAD
<<<<<<< HEAD
		8A69E3C22795F25B00141808 /* Resources */ = {
			isa = PBXResourcesBuildPhase;
			buildActionMask = 2147483647;
			files = (
			);
			runOnlyForDeploymentPostprocessing = 0;
		};
		8A69E3CC2795F25B00141808 /* Resources */ = {
			isa = PBXResourcesBuildPhase;
			buildActionMask = 2147483647;
			files = (
			);
			runOnlyForDeploymentPostprocessing = 0;
		};
/* End PBXResourcesBuildPhase section */

/* Begin PBXShellScriptBuildPhase section */
		8A5048C827CAF69300C05E92 /* ShellScript */ = {
			isa = PBXShellScriptBuildPhase;
			buildActionMask = 2147483647;
			files = (
			);
			inputFileListPaths = (
			);
			inputPaths = (
			);
			outputFileListPaths = (
			);
			outputPaths = (
			);
			runOnlyForDeploymentPostprocessing = 0;
			shellPath = /bin/sh;
			shellScript = "amlint \"${BUILT_PRODUCTS_DIR}/${FULL_PRODUCT_NAME}\"\n";
		};
/* End PBXShellScriptBuildPhase section */

/* Begin PBXSourcesBuildPhase section */
		8A41EA6027CAB91800F6491C /* Sources */ = {
			isa = PBXSourcesBuildPhase;
			buildActionMask = 2147483647;
			files = (
				8A41EA6727CAB91800F6491C /* main.swift in Sources */,
			);
			runOnlyForDeploymentPostprocessing = 0;
		};
		8A5048C527CAF69300C05E92 /* Sources */ = {
			isa = PBXSourcesBuildPhase;
			buildActionMask = 2147483647;
			files = (
			);
			runOnlyForDeploymentPostprocessing = 0;
		};
		8A5049F727CDD8BE00C05E92 /* Sources */ = {
			isa = PBXSourcesBuildPhase;
			buildActionMask = 2147483647;
			files = (
				8A5049FE27CDD8BE00C05E92 /* KeyboardViewController.swift in Sources */,
			);
			runOnlyForDeploymentPostprocessing = 0;
		};
=======
=======
>>>>>>> parent of 4a9dd0c (Got more of em)
/* End PBXResourcesBuildPhase section */

/* Begin PBXSourcesBuildPhase section */
>>>>>>> parent of 4a9dd0c (Got more of em)
		8A69E3AF2795F25900141808 /* Sources */ = {
			isa = PBXSourcesBuildPhase;
			buildActionMask = 2147483647;
			files = (
				8A69E3E42796007600141808 /* Application.swift in Sources */,
				8A69E3E22795FB1A00141808 /* SModViewController.swift in Sources */,
				8A504A0827DD6CF700C05E92 /* OtherViews.swift in Sources */,
				8A69E3B92795F25A00141808 /* HomeViewController.swift in Sources */,
				8A69E3B72795F25A00141808 /* AppDelegate.swift in Sources */,
			);
			runOnlyForDeploymentPostprocessing = 0;
		};
		8A69E3C02795F25B00141808 /* Sources */ = {
			isa = PBXSourcesBuildPhase;
			buildActionMask = 2147483647;
			files = (
				8A69E3C92795F25B00141808 /* Josiah_Modding_ToolsTests.swift in Sources */,
			);
			runOnlyForDeploymentPostprocessing = 0;
		};
		8A69E3CA2795F25B00141808 /* Sources */ = {
			isa = PBXSourcesBuildPhase;
			buildActionMask = 2147483647;
			files = (
				8A69E3D32795F25C00141808 /* Josiah_Modding_ToolsUITests.swift in Sources */,
				8A69E3D52795F25C00141808 /* Josiah_Modding_ToolsUITestsLaunchTests.swift in Sources */,
			);
			runOnlyForDeploymentPostprocessing = 0;
		};
/* End PBXSourcesBuildPhase section */

/* Begin PBXTargetDependency section */
		8A41EA6E27CABCC300F6491C /* PBXTargetDependency */ = {
			isa = PBXTargetDependency;
			target = 8A69E3B22795F25900141808 /* Josiah Modding Tools */;
			targetProxy = 8A41EA6D27CABCC300F6491C /* PBXContainerItemProxy */;
		};
		8A504A0127CDD8BE00C05E92 /* PBXTargetDependency */ = {
			isa = PBXTargetDependency;
			target = 8A5049FA27CDD8BE00C05E92 /* HaxeKey */;
			targetProxy = 8A504A0027CDD8BE00C05E92 /* PBXContainerItemProxy */;
		};
		8A69E3C62795F25B00141808 /* PBXTargetDependency */ = {
			isa = PBXTargetDependency;
			target = 8A69E3B22795F25900141808 /* Josiah Modding Tools */;
			targetProxy = 8A69E3C52795F25B00141808 /* PBXContainerItemProxy */;
		};
		8A69E3D02795F25B00141808 /* PBXTargetDependency */ = {
			isa = PBXTargetDependency;
			target = 8A69E3B22795F25900141808 /* Josiah Modding Tools */;
			targetProxy = 8A69E3CF2795F25B00141808 /* PBXContainerItemProxy */;
		};
/* End PBXTargetDependency section */

/* Begin PBXVariantGroup section */
		8A69E3BC2795F25B00141808 /* Main.storyboard */ = {
			isa = PBXVariantGroup;
			children = (
				8A69E3BD2795F25B00141808 /* Base */,
			);
			name = Main.storyboard;
			sourceTree = "<group>";
		};
/* End PBXVariantGroup section */

/* Begin XCBuildConfiguration section */
<<<<<<< HEAD
<<<<<<< HEAD
		8A41EA6927CAB91800F6491C /* Debug */ = {
			isa = XCBuildConfiguration;
			buildSettings = {
				CODE_SIGN_STYLE = Automatic;
				DEVELOPMENT_TEAM = PY7A948CXQ;
				ENABLE_HARDENED_RUNTIME = YES;
				PRODUCT_NAME = "$(TARGET_NAME)";
				SWIFT_VERSION = 5.0;
			};
			name = Debug;
		};
		8A41EA6A27CAB91800F6491C /* Release */ = {
			isa = XCBuildConfiguration;
			buildSettings = {
				CODE_SIGN_STYLE = Automatic;
				DEVELOPMENT_TEAM = PY7A948CXQ;
				ENABLE_HARDENED_RUNTIME = YES;
				PRODUCT_NAME = "$(TARGET_NAME)";
				SWIFT_VERSION = 5.0;
			};
			name = Release;
		};
		8A5048D727CAF69300C05E92 /* Debug */ = {
			isa = XCBuildConfiguration;
			buildSettings = {
				CODE_SIGN_STYLE = Automatic;
				COMBINE_HIDPI_IMAGES = YES;
				CURRENT_PROJECT_VERSION = 1;
				DEVELOPMENT_TEAM = PY7A948CXQ;
				GENERATE_INFOPLIST_FILE = YES;
				INFOPLIST_FILE = "Mod File/Info.plist";
				INFOPLIST_KEY_NSHumanReadableCopyright = "";
				INFOPLIST_KEY_NSPrincipalClass = Mod_File;
				INSTALL_PATH = "$(HOME)/Library/Automator";
				MARKETING_VERSION = 1.0;
				OTHER_OSAFLAGS = "-x -t 0 -c 0";
				PRODUCT_BUNDLE_IDENTIFIER = "com.josiah.Mod-File";
				PRODUCT_NAME = "$(TARGET_NAME)";
				SWIFT_EMIT_LOC_STRINGS = YES;
				WRAPPER_EXTENSION = action;
			};
			name = Debug;
		};
		8A5048D827CAF69300C05E92 /* Release */ = {
			isa = XCBuildConfiguration;
			buildSettings = {
				CODE_SIGN_STYLE = Automatic;
				COMBINE_HIDPI_IMAGES = YES;
				CURRENT_PROJECT_VERSION = 1;
				DEVELOPMENT_TEAM = PY7A948CXQ;
				GENERATE_INFOPLIST_FILE = YES;
				INFOPLIST_FILE = "Mod File/Info.plist";
				INFOPLIST_KEY_NSHumanReadableCopyright = "";
				INFOPLIST_KEY_NSPrincipalClass = Mod_File;
				INSTALL_PATH = "$(HOME)/Library/Automator";
				MARKETING_VERSION = 1.0;
				OTHER_OSAFLAGS = "-x -t 0 -c 0";
				PRODUCT_BUNDLE_IDENTIFIER = "com.josiah.Mod-File";
				PRODUCT_NAME = "$(TARGET_NAME)";
				SWIFT_EMIT_LOC_STRINGS = YES;
				WRAPPER_EXTENSION = action;
			};
			name = Release;
		};
		8A504A0427CDD8BE00C05E92 /* Debug */ = {
			isa = XCBuildConfiguration;
			buildSettings = {
				CODE_SIGN_STYLE = Automatic;
				CURRENT_PROJECT_VERSION = 1;
				DEVELOPMENT_TEAM = PY7A948CXQ;
				GENERATE_INFOPLIST_FILE = YES;
				INFOPLIST_FILE = HaxeKey/Info.plist;
				INFOPLIST_KEY_CFBundleDisplayName = HaxeKey;
				INFOPLIST_KEY_NSHumanReadableCopyright = "";
				IPHONEOS_DEPLOYMENT_TARGET = 15.2;
				LD_RUNPATH_SEARCH_PATHS = (
					"$(inherited)",
					"@executable_path/Frameworks",
					"@executable_path/../../Frameworks",
				);
				MARKETING_VERSION = 1.0;
				PRODUCT_BUNDLE_IDENTIFIER = "com.josiah.Remote-Josiah-Modder.HaxeKey";
				PRODUCT_NAME = "$(TARGET_NAME)";
				SDKROOT = iphoneos;
				SKIP_INSTALL = YES;
				SWIFT_EMIT_LOC_STRINGS = YES;
				SWIFT_VERSION = 5.0;
				TARGETED_DEVICE_FAMILY = "1,2";
			};
			name = Debug;
		};
		8A504A0527CDD8BE00C05E92 /* Release */ = {
			isa = XCBuildConfiguration;
			buildSettings = {
				CODE_SIGN_STYLE = Automatic;
				CURRENT_PROJECT_VERSION = 1;
				DEVELOPMENT_TEAM = PY7A948CXQ;
				GENERATE_INFOPLIST_FILE = YES;
				INFOPLIST_FILE = HaxeKey/Info.plist;
				INFOPLIST_KEY_CFBundleDisplayName = HaxeKey;
				INFOPLIST_KEY_NSHumanReadableCopyright = "";
				IPHONEOS_DEPLOYMENT_TARGET = 15.2;
				LD_RUNPATH_SEARCH_PATHS = (
					"$(inherited)",
					"@executable_path/Frameworks",
					"@executable_path/../../Frameworks",
				);
				MARKETING_VERSION = 1.0;
				PRODUCT_BUNDLE_IDENTIFIER = "com.josiah.Remote-Josiah-Modder.HaxeKey";
				PRODUCT_NAME = "$(TARGET_NAME)";
				SDKROOT = iphoneos;
				SKIP_INSTALL = YES;
				SWIFT_EMIT_LOC_STRINGS = YES;
				SWIFT_VERSION = 5.0;
				TARGETED_DEVICE_FAMILY = "1,2";
				VALIDATE_PRODUCT = YES;
			};
			name = Release;
		};
=======
>>>>>>> parent of 4a9dd0c (Got more of em)
=======
>>>>>>> parent of 4a9dd0c (Got more of em)
		8A69E3D62795F25C00141808 /* Debug */ = {
			isa = XCBuildConfiguration;
			buildSettings = {
				ALWAYS_SEARCH_USER_PATHS = NO;
				CLANG_ANALYZER_NONNULL = YES;
				CLANG_ANALYZER_NUMBER_OBJECT_CONVERSION = YES_AGGRESSIVE;
				CLANG_CXX_LANGUAGE_STANDARD = "gnu++17";
				CLANG_CXX_LIBRARY = "libc++";
				CLANG_ENABLE_MODULES = YES;
				CLANG_ENABLE_OBJC_ARC = YES;
				CLANG_ENABLE_OBJC_WEAK = YES;
				CLANG_WARN_BLOCK_CAPTURE_AUTORELEASING = YES;
				CLANG_WARN_BOOL_CONVERSION = YES;
				CLANG_WARN_COMMA = YES;
				CLANG_WARN_CONSTANT_CONVERSION = YES;
				CLANG_WARN_DEPRECATED_OBJC_IMPLEMENTATIONS = YES;
				CLANG_WARN_DIRECT_OBJC_ISA_USAGE = YES_ERROR;
				CLANG_WARN_DOCUMENTATION_COMMENTS = YES;
				CLANG_WARN_EMPTY_BODY = YES;
				CLANG_WARN_ENUM_CONVERSION = YES;
				CLANG_WARN_INFINITE_RECURSION = YES;
				CLANG_WARN_INT_CONVERSION = YES;
				CLANG_WARN_NON_LITERAL_NULL_CONVERSION = YES;
				CLANG_WARN_OBJC_IMPLICIT_RETAIN_SELF = YES;
				CLANG_WARN_OBJC_LITERAL_CONVERSION = YES;
				CLANG_WARN_OBJC_ROOT_CLASS = YES_ERROR;
				CLANG_WARN_QUOTED_INCLUDE_IN_FRAMEWORK_HEADER = YES;
				CLANG_WARN_RANGE_LOOP_ANALYSIS = YES;
				CLANG_WARN_STRICT_PROTOTYPES = YES;
				CLANG_WARN_SUSPICIOUS_MOVE = YES;
				CLANG_WARN_UNGUARDED_AVAILABILITY = YES_AGGRESSIVE;
				CLANG_WARN_UNREACHABLE_CODE = YES;
				CLANG_WARN__DUPLICATE_METHOD_MATCH = YES;
				COPY_PHASE_STRIP = NO;
				DEBUG_INFORMATION_FORMAT = dwarf;
				ENABLE_STRICT_OBJC_MSGSEND = YES;
				ENABLE_TESTABILITY = YES;
				GCC_C_LANGUAGE_STANDARD = gnu11;
				GCC_DYNAMIC_NO_PIC = NO;
				GCC_NO_COMMON_BLOCKS = YES;
				GCC_OPTIMIZATION_LEVEL = 0;
				GCC_PREPROCESSOR_DEFINITIONS = (
					"DEBUG=1",
					"$(inherited)",
				);
				GCC_WARN_64_TO_32_BIT_CONVERSION = YES;
				GCC_WARN_ABOUT_RETURN_TYPE = YES_ERROR;
				GCC_WARN_UNDECLARED_SELECTOR = YES;
				GCC_WARN_UNINITIALIZED_AUTOS = YES_AGGRESSIVE;
				GCC_WARN_UNUSED_FUNCTION = YES;
				GCC_WARN_UNUSED_VARIABLE = YES;
				MACOSX_DEPLOYMENT_TARGET = 12.1;
				MTL_ENABLE_DEBUG_INFO = INCLUDE_SOURCE;
				MTL_FAST_MATH = YES;
				ONLY_ACTIVE_ARCH = YES;
				SDKROOT = macosx;
				SWIFT_ACTIVE_COMPILATION_CONDITIONS = DEBUG;
				SWIFT_OPTIMIZATION_LEVEL = "-Onone";
			};
			name = Debug;
		};
		8A69E3D72795F25C00141808 /* Release */ = {
			isa = XCBuildConfiguration;
			buildSettings = {
				ALWAYS_SEARCH_USER_PATHS = NO;
				CLANG_ANALYZER_NONNULL = YES;
				CLANG_ANALYZER_NUMBER_OBJECT_CONVERSION = YES_AGGRESSIVE;
				CLANG_CXX_LANGUAGE_STANDARD = "gnu++17";
				CLANG_CXX_LIBRARY = "libc++";
				CLANG_ENABLE_MODULES = YES;
				CLANG_ENABLE_OBJC_ARC = YES;
				CLANG_ENABLE_OBJC_WEAK = YES;
				CLANG_WARN_BLOCK_CAPTURE_AUTORELEASING = YES;
				CLANG_WARN_BOOL_CONVERSION = YES;
				CLANG_WARN_COMMA = YES;
				CLANG_WARN_CONSTANT_CONVERSION = YES;
				CLANG_WARN_DEPRECATED_OBJC_IMPLEMENTATIONS = YES;
				CLANG_WARN_DIRECT_OBJC_ISA_USAGE = YES_ERROR;
				CLANG_WARN_DOCUMENTATION_COMMENTS = YES;
				CLANG_WARN_EMPTY_BODY = YES;
				CLANG_WARN_ENUM_CONVERSION = YES;
				CLANG_WARN_INFINITE_RECURSION = YES;
				CLANG_WARN_INT_CONVERSION = YES;
				CLANG_WARN_NON_LITERAL_NULL_CONVERSION = YES;
				CLANG_WARN_OBJC_IMPLICIT_RETAIN_SELF = YES;
				CLANG_WARN_OBJC_LITERAL_CONVERSION = YES;
				CLANG_WARN_OBJC_ROOT_CLASS = YES_ERROR;
				CLANG_WARN_QUOTED_INCLUDE_IN_FRAMEWORK_HEADER = YES;
				CLANG_WARN_RANGE_LOOP_ANALYSIS = YES;
				CLANG_WARN_STRICT_PROTOTYPES = YES;
				CLANG_WARN_SUSPICIOUS_MOVE = YES;
				CLANG_WARN_UNGUARDED_AVAILABILITY = YES_AGGRESSIVE;
				CLANG_WARN_UNREACHABLE_CODE = YES;
				CLANG_WARN__DUPLICATE_METHOD_MATCH = YES;
				COPY_PHASE_STRIP = NO;
				DEBUG_INFORMATION_FORMAT = "dwarf-with-dsym";
				ENABLE_NS_ASSERTIONS = NO;
				ENABLE_STRICT_OBJC_MSGSEND = YES;
				GCC_C_LANGUAGE_STANDARD = gnu11;
				GCC_NO_COMMON_BLOCKS = YES;
				GCC_WARN_64_TO_32_BIT_CONVERSION = YES;
				GCC_WARN_ABOUT_RETURN_TYPE = YES_ERROR;
				GCC_WARN_UNDECLARED_SELECTOR = YES;
				GCC_WARN_UNINITIALIZED_AUTOS = YES_AGGRESSIVE;
				GCC_WARN_UNUSED_FUNCTION = YES;
				GCC_WARN_UNUSED_VARIABLE = YES;
				MACOSX_DEPLOYMENT_TARGET = 12.1;
				MTL_ENABLE_DEBUG_INFO = NO;
				MTL_FAST_MATH = YES;
				SDKROOT = macosx;
				SWIFT_COMPILATION_MODE = wholemodule;
				SWIFT_OPTIMIZATION_LEVEL = "-O";
			};
			name = Release;
		};
		8A69E3D92795F25C00141808 /* Debug */ = {
			isa = XCBuildConfiguration;
			buildSettings = {
				ALWAYS_EMBED_SWIFT_STANDARD_LIBRARIES = YES;
				ASSETCATALOG_COMPILER_APPICON_NAME = AppIcon;
				ASSETCATALOG_COMPILER_GLOBAL_ACCENT_COLOR_NAME = AccentColor;
				ASSETCATALOG_COMPILER_INCLUDE_ALL_APPICON_ASSETS = NO;
				CODE_SIGN_ENTITLEMENTS = "Josiah Modding Tools/Josiah_Modding_Tools.entitlements";
				CODE_SIGN_IDENTITY = "Apple Development";
				CODE_SIGN_STYLE = Automatic;
				COMBINE_HIDPI_IMAGES = YES;
				CURRENT_PROJECT_VERSION = 1;
				DEVELOPMENT_TEAM = PY7A948CXQ;
				GENERATE_INFOPLIST_FILE = YES;
				INFOPLIST_KEY_NSHumanReadableCopyright = "";
				INFOPLIST_KEY_NSMainStoryboardFile = Main;
				INFOPLIST_KEY_NSPrincipalClass = NSApplication;
				LD_RUNPATH_SEARCH_PATHS = (
					"$(inherited)",
					"@executable_path/../Frameworks",
				);
				MACOSX_DEPLOYMENT_TARGET = 11.0;
				MARKETING_VERSION = 1.0;
				PRODUCT_BUNDLE_IDENTIFIER = "com.josiah.Josiah-Modding-Tools";
				PRODUCT_NAME = "$(TARGET_NAME)";
				SWIFT_EMIT_LOC_STRINGS = YES;
				SWIFT_VERSION = 5.0;
			};
			name = Debug;
		};
		8A69E3DA2795F25C00141808 /* Release */ = {
			isa = XCBuildConfiguration;
			buildSettings = {
				ALWAYS_EMBED_SWIFT_STANDARD_LIBRARIES = YES;
				ASSETCATALOG_COMPILER_APPICON_NAME = AppIcon;
				ASSETCATALOG_COMPILER_GLOBAL_ACCENT_COLOR_NAME = AccentColor;
				ASSETCATALOG_COMPILER_INCLUDE_ALL_APPICON_ASSETS = NO;
				CODE_SIGN_ENTITLEMENTS = "Josiah Modding Tools/Josiah_Modding_Tools.entitlements";
				CODE_SIGN_IDENTITY = "Apple Development";
				CODE_SIGN_STYLE = Automatic;
				COMBINE_HIDPI_IMAGES = YES;
				CURRENT_PROJECT_VERSION = 1;
				DEVELOPMENT_TEAM = PY7A948CXQ;
				GENERATE_INFOPLIST_FILE = YES;
				INFOPLIST_KEY_NSHumanReadableCopyright = "";
				INFOPLIST_KEY_NSMainStoryboardFile = Main;
				INFOPLIST_KEY_NSPrincipalClass = NSApplication;
				LD_RUNPATH_SEARCH_PATHS = (
					"$(inherited)",
					"@executable_path/../Frameworks",
				);
				MACOSX_DEPLOYMENT_TARGET = 11.0;
				MARKETING_VERSION = 1.0;
				PRODUCT_BUNDLE_IDENTIFIER = "com.josiah.Josiah-Modding-Tools";
				PRODUCT_NAME = "$(TARGET_NAME)";
				SWIFT_EMIT_LOC_STRINGS = YES;
				SWIFT_VERSION = 5.0;
			};
			name = Release;
		};
		8A69E3DC2795F25C00141808 /* Debug */ = {
			isa = XCBuildConfiguration;
			buildSettings = {
				ALWAYS_EMBED_SWIFT_STANDARD_LIBRARIES = YES;
				BUNDLE_LOADER = "$(TEST_HOST)";
				CODE_SIGN_STYLE = Automatic;
				CURRENT_PROJECT_VERSION = 1;
				GENERATE_INFOPLIST_FILE = YES;
				MACOSX_DEPLOYMENT_TARGET = 12.1;
				MARKETING_VERSION = 1.0;
				PRODUCT_BUNDLE_IDENTIFIER = "com.josiah.Josiah-Modding-ToolsTests";
				PRODUCT_NAME = "$(TARGET_NAME)";
				SWIFT_EMIT_LOC_STRINGS = NO;
				SWIFT_VERSION = 5.0;
				TEST_HOST = "$(BUILT_PRODUCTS_DIR)/Josiah Modding Tools.app/Contents/MacOS/Josiah Modding Tools";
			};
			name = Debug;
		};
		8A69E3DD2795F25C00141808 /* Release */ = {
			isa = XCBuildConfiguration;
			buildSettings = {
				ALWAYS_EMBED_SWIFT_STANDARD_LIBRARIES = YES;
				BUNDLE_LOADER = "$(TEST_HOST)";
				CODE_SIGN_STYLE = Automatic;
				CURRENT_PROJECT_VERSION = 1;
				GENERATE_INFOPLIST_FILE = YES;
				MACOSX_DEPLOYMENT_TARGET = 12.1;
				MARKETING_VERSION = 1.0;
				PRODUCT_BUNDLE_IDENTIFIER = "com.josiah.Josiah-Modding-ToolsTests";
				PRODUCT_NAME = "$(TARGET_NAME)";
				SWIFT_EMIT_LOC_STRINGS = NO;
				SWIFT_VERSION = 5.0;
				TEST_HOST = "$(BUILT_PRODUCTS_DIR)/Josiah Modding Tools.app/Contents/MacOS/Josiah Modding Tools";
			};
			name = Release;
		};
		8A69E3DF2795F25C00141808 /* Debug */ = {
			isa = XCBuildConfiguration;
			buildSettings = {
				ALWAYS_EMBED_SWIFT_STANDARD_LIBRARIES = YES;
				CODE_SIGN_STYLE = Automatic;
				CURRENT_PROJECT_VERSION = 1;
				GENERATE_INFOPLIST_FILE = YES;
				MARKETING_VERSION = 1.0;
				PRODUCT_BUNDLE_IDENTIFIER = "com.josiah.Josiah-Modding-ToolsUITests";
				PRODUCT_NAME = "$(TARGET_NAME)";
				SWIFT_EMIT_LOC_STRINGS = NO;
				SWIFT_VERSION = 5.0;
				TEST_TARGET_NAME = "Josiah Modding Tools";
			};
			name = Debug;
		};
		8A69E3E02795F25C00141808 /* Release */ = {
			isa = XCBuildConfiguration;
			buildSettings = {
				ALWAYS_EMBED_SWIFT_STANDARD_LIBRARIES = YES;
				CODE_SIGN_STYLE = Automatic;
				CURRENT_PROJECT_VERSION = 1;
				GENERATE_INFOPLIST_FILE = YES;
				MARKETING_VERSION = 1.0;
				PRODUCT_BUNDLE_IDENTIFIER = "com.josiah.Josiah-Modding-ToolsUITests";
				PRODUCT_NAME = "$(TARGET_NAME)";
				SWIFT_EMIT_LOC_STRINGS = NO;
				SWIFT_VERSION = 5.0;
				TEST_TARGET_NAME = "Josiah Modding Tools";
			};
			name = Release;
		};
<<<<<<< HEAD
<<<<<<< HEAD
<<<<<<< HEAD
		8A69E41527977B3E00141808 /* Debug */ = {
			isa = XCBuildConfiguration;
			buildSettings = {
				ALWAYS_EMBED_SWIFT_STANDARD_LIBRARIES = YES;
				ASSETCATALOG_COMPILER_APPICON_NAME = AppIcon;
				ASSETCATALOG_COMPILER_GLOBAL_ACCENT_COLOR_NAME = AccentColor;
				CODE_SIGN_ENTITLEMENTS = "Remote Josiah Modder/Remote Josiah Modder.entitlements";
				CODE_SIGN_STYLE = Automatic;
				CURRENT_PROJECT_VERSION = 1;
				DEVELOPMENT_TEAM = PY7A948CXQ;
				GENERATE_INFOPLIST_FILE = YES;
				INFOPLIST_FILE = "Remote Josiah Modder/Info.plist";
				INFOPLIST_KEY_CFBundleDisplayName = JosiahMod;
				INFOPLIST_KEY_UIApplicationSupportsIndirectInputEvents = YES;
				INFOPLIST_KEY_UILaunchStoryboardName = LaunchScreen;
				INFOPLIST_KEY_UIMainStoryboardFile = Main;
				INFOPLIST_KEY_UIStatusBarHidden = YES;
				INFOPLIST_KEY_UISupportedInterfaceOrientations_iPad = "UIInterfaceOrientationPortrait UIInterfaceOrientationPortraitUpsideDown UIInterfaceOrientationLandscapeLeft UIInterfaceOrientationLandscapeRight";
				INFOPLIST_KEY_UISupportedInterfaceOrientations_iPhone = "UIInterfaceOrientationPortrait UIInterfaceOrientationLandscapeLeft UIInterfaceOrientationLandscapeRight";
				IPHONEOS_DEPLOYMENT_TARGET = 15.0;
				"IPHONEOS_DEPLOYMENT_TARGET[sdk=macosx*]" = 14.2;
				LD_RUNPATH_SEARCH_PATHS = (
					"$(inherited)",
					"@executable_path/Frameworks",
				);
				MARKETING_VERSION = 1.0;
				PRODUCT_BUNDLE_IDENTIFIER = "com.josiah.Remote-Josiah-Modder";
				PRODUCT_NAME = "$(TARGET_NAME)";
				SDKROOT = iphoneos;
				SUPPORTS_MACCATALYST = YES;
				SUPPORTS_MAC_DESIGNED_FOR_IPHONE_IPAD = NO;
				SWIFT_EMIT_LOC_STRINGS = YES;
				SWIFT_VERSION = 5.0;
				TARGETED_DEVICE_FAMILY = "1,2,6";
			};
			name = Debug;
		};
		8A69E41627977B3E00141808 /* Release */ = {
			isa = XCBuildConfiguration;
			buildSettings = {
				ALWAYS_EMBED_SWIFT_STANDARD_LIBRARIES = YES;
				ASSETCATALOG_COMPILER_APPICON_NAME = AppIcon;
				ASSETCATALOG_COMPILER_GLOBAL_ACCENT_COLOR_NAME = AccentColor;
				CODE_SIGN_ENTITLEMENTS = "Remote Josiah Modder/Remote Josiah Modder.entitlements";
				CODE_SIGN_STYLE = Automatic;
				CURRENT_PROJECT_VERSION = 1;
				DEVELOPMENT_TEAM = PY7A948CXQ;
				GENERATE_INFOPLIST_FILE = YES;
				INFOPLIST_FILE = "Remote Josiah Modder/Info.plist";
				INFOPLIST_KEY_CFBundleDisplayName = JosiahMod;
				INFOPLIST_KEY_UIApplicationSupportsIndirectInputEvents = YES;
				INFOPLIST_KEY_UILaunchStoryboardName = LaunchScreen;
				INFOPLIST_KEY_UIMainStoryboardFile = Main;
				INFOPLIST_KEY_UIStatusBarHidden = YES;
				INFOPLIST_KEY_UISupportedInterfaceOrientations_iPad = "UIInterfaceOrientationPortrait UIInterfaceOrientationPortraitUpsideDown UIInterfaceOrientationLandscapeLeft UIInterfaceOrientationLandscapeRight";
				INFOPLIST_KEY_UISupportedInterfaceOrientations_iPhone = "UIInterfaceOrientationPortrait UIInterfaceOrientationLandscapeLeft UIInterfaceOrientationLandscapeRight";
				IPHONEOS_DEPLOYMENT_TARGET = 15.0;
				"IPHONEOS_DEPLOYMENT_TARGET[sdk=macosx*]" = 14.2;
				LD_RUNPATH_SEARCH_PATHS = (
					"$(inherited)",
					"@executable_path/Frameworks",
				);
				MARKETING_VERSION = 1.0;
				PRODUCT_BUNDLE_IDENTIFIER = "com.josiah.Remote-Josiah-Modder";
				PRODUCT_NAME = "$(TARGET_NAME)";
				SDKROOT = iphoneos;
				SUPPORTS_MACCATALYST = YES;
				SUPPORTS_MAC_DESIGNED_FOR_IPHONE_IPAD = NO;
				SWIFT_EMIT_LOC_STRINGS = YES;
				SWIFT_VERSION = 5.0;
				TARGETED_DEVICE_FAMILY = "1,2,6";
				VALIDATE_PRODUCT = YES;
			};
			name = Release;
		};
		8A69E41727977B3E00141808 /* Debug */ = {
			isa = XCBuildConfiguration;
			buildSettings = {
				ALWAYS_EMBED_SWIFT_STANDARD_LIBRARIES = YES;
				BUNDLE_LOADER = "$(TEST_HOST)";
				CODE_SIGN_STYLE = Automatic;
				CURRENT_PROJECT_VERSION = 1;
				DEVELOPMENT_TEAM = PY7A948CXQ;
				GENERATE_INFOPLIST_FILE = YES;
				IPHONEOS_DEPLOYMENT_TARGET = 15.2;
				MARKETING_VERSION = 1.0;
				PRODUCT_BUNDLE_IDENTIFIER = "com.josiah.Remote-Josiah-ModderTests";
				PRODUCT_NAME = "$(TARGET_NAME)";
				SDKROOT = iphoneos;
				SWIFT_EMIT_LOC_STRINGS = NO;
				SWIFT_VERSION = 5.0;
				TARGETED_DEVICE_FAMILY = "1,2";
				TEST_HOST = "$(BUILT_PRODUCTS_DIR)/Remote Josiah Modder.app/Remote Josiah Modder";
			};
			name = Debug;
		};
		8A69E41827977B3E00141808 /* Release */ = {
			isa = XCBuildConfiguration;
			buildSettings = {
				ALWAYS_EMBED_SWIFT_STANDARD_LIBRARIES = YES;
				BUNDLE_LOADER = "$(TEST_HOST)";
				CODE_SIGN_STYLE = Automatic;
				CURRENT_PROJECT_VERSION = 1;
				DEVELOPMENT_TEAM = PY7A948CXQ;
				GENERATE_INFOPLIST_FILE = YES;
				IPHONEOS_DEPLOYMENT_TARGET = 15.2;
				MARKETING_VERSION = 1.0;
				PRODUCT_BUNDLE_IDENTIFIER = "com.josiah.Remote-Josiah-ModderTests";
				PRODUCT_NAME = "$(TARGET_NAME)";
				SDKROOT = iphoneos;
				SWIFT_EMIT_LOC_STRINGS = NO;
				SWIFT_VERSION = 5.0;
				TARGETED_DEVICE_FAMILY = "1,2";
				TEST_HOST = "$(BUILT_PRODUCTS_DIR)/Remote Josiah Modder.app/Remote Josiah Modder";
				VALIDATE_PRODUCT = YES;
			};
			name = Release;
		};
		8A69E41927977B3E00141808 /* Debug */ = {
			isa = XCBuildConfiguration;
			buildSettings = {
				ALWAYS_EMBED_SWIFT_STANDARD_LIBRARIES = YES;
				CODE_SIGN_STYLE = Automatic;
				CURRENT_PROJECT_VERSION = 1;
				DEVELOPMENT_TEAM = PY7A948CXQ;
				GENERATE_INFOPLIST_FILE = YES;
				IPHONEOS_DEPLOYMENT_TARGET = 15.2;
				MARKETING_VERSION = 1.0;
				PRODUCT_BUNDLE_IDENTIFIER = "com.josiah.Remote-Josiah-ModderUITests";
				PRODUCT_NAME = "$(TARGET_NAME)";
				SDKROOT = iphoneos;
				SWIFT_EMIT_LOC_STRINGS = NO;
				SWIFT_VERSION = 5.0;
				TARGETED_DEVICE_FAMILY = "1,2";
				TEST_TARGET_NAME = "Remote Josiah Modder";
			};
			name = Debug;
		};
		8A69E41A27977B3E00141808 /* Release */ = {
			isa = XCBuildConfiguration;
			buildSettings = {
				ALWAYS_EMBED_SWIFT_STANDARD_LIBRARIES = YES;
				CODE_SIGN_STYLE = Automatic;
				CURRENT_PROJECT_VERSION = 1;
				DEVELOPMENT_TEAM = PY7A948CXQ;
				GENERATE_INFOPLIST_FILE = YES;
				IPHONEOS_DEPLOYMENT_TARGET = 15.2;
				MARKETING_VERSION = 1.0;
				PRODUCT_BUNDLE_IDENTIFIER = "com.josiah.Remote-Josiah-ModderUITests";
				PRODUCT_NAME = "$(TARGET_NAME)";
				SDKROOT = iphoneos;
				SWIFT_EMIT_LOC_STRINGS = NO;
				SWIFT_VERSION = 5.0;
				TARGETED_DEVICE_FAMILY = "1,2";
				TEST_TARGET_NAME = "Remote Josiah Modder";
				VALIDATE_PRODUCT = YES;
			};
			name = Release;
		};
		8A69E5052798E5FE00141808 /* Debug */ = {
			isa = XCBuildConfiguration;
			buildSettings = {
				ASSETCATALOG_COMPILER_APPICON_NAME = AppIcon;
				ASSETCATALOG_COMPILER_GLOBAL_ACCENT_COLOR_NAME = AccentColor;
				CODE_SIGN_ENTITLEMENTS = OptiMod/OptiMod.entitlements;
				CODE_SIGN_STYLE = Automatic;
				CURRENT_PROJECT_VERSION = 1;
				DEVELOPMENT_TEAM = PY7A948CXQ;
				GENERATE_INFOPLIST_FILE = YES;
				INFOPLIST_FILE = OptiMod/Info.plist;
				INFOPLIST_KEY_UIApplicationSupportsIndirectInputEvents = YES;
				INFOPLIST_KEY_UILaunchStoryboardName = LaunchScreen;
				INFOPLIST_KEY_UIMainStoryboardFile = Main;
				INFOPLIST_KEY_UISupportedInterfaceOrientations_iPad = "UIInterfaceOrientationPortrait UIInterfaceOrientationPortraitUpsideDown UIInterfaceOrientationLandscapeLeft UIInterfaceOrientationLandscapeRight";
				INFOPLIST_KEY_UISupportedInterfaceOrientations_iPhone = "UIInterfaceOrientationPortrait UIInterfaceOrientationLandscapeLeft UIInterfaceOrientationLandscapeRight";
				IPHONEOS_DEPLOYMENT_TARGET = 10.0;
				LD_RUNPATH_SEARCH_PATHS = (
					"$(inherited)",
					"@executable_path/Frameworks",
				);
				MARKETING_VERSION = 1.0;
				PRODUCT_BUNDLE_IDENTIFIER = com.josiah.OptiMod;
				PRODUCT_NAME = "$(TARGET_NAME)";
				SDKROOT = iphoneos;
				SUPPORTS_MACCATALYST = YES;
				SUPPORTS_MAC_DESIGNED_FOR_IPHONE_IPAD = NO;
				SWIFT_EMIT_LOC_STRINGS = YES;
				SWIFT_VERSION = 5.0;
				TARGETED_DEVICE_FAMILY = "1,2";
			};
			name = Debug;
		};
		8A69E5062798E5FE00141808 /* Release */ = {
			isa = XCBuildConfiguration;
			buildSettings = {
				ASSETCATALOG_COMPILER_APPICON_NAME = AppIcon;
				ASSETCATALOG_COMPILER_GLOBAL_ACCENT_COLOR_NAME = AccentColor;
				CODE_SIGN_ENTITLEMENTS = OptiMod/OptiMod.entitlements;
				CODE_SIGN_STYLE = Automatic;
				CURRENT_PROJECT_VERSION = 1;
				DEVELOPMENT_TEAM = PY7A948CXQ;
				GENERATE_INFOPLIST_FILE = YES;
				INFOPLIST_FILE = OptiMod/Info.plist;
				INFOPLIST_KEY_UIApplicationSupportsIndirectInputEvents = YES;
				INFOPLIST_KEY_UILaunchStoryboardName = LaunchScreen;
				INFOPLIST_KEY_UIMainStoryboardFile = Main;
				INFOPLIST_KEY_UISupportedInterfaceOrientations_iPad = "UIInterfaceOrientationPortrait UIInterfaceOrientationPortraitUpsideDown UIInterfaceOrientationLandscapeLeft UIInterfaceOrientationLandscapeRight";
				INFOPLIST_KEY_UISupportedInterfaceOrientations_iPhone = "UIInterfaceOrientationPortrait UIInterfaceOrientationLandscapeLeft UIInterfaceOrientationLandscapeRight";
				IPHONEOS_DEPLOYMENT_TARGET = 10.0;
				LD_RUNPATH_SEARCH_PATHS = (
					"$(inherited)",
					"@executable_path/Frameworks",
				);
				MARKETING_VERSION = 1.0;
				PRODUCT_BUNDLE_IDENTIFIER = com.josiah.OptiMod;
				PRODUCT_NAME = "$(TARGET_NAME)";
				SDKROOT = iphoneos;
				SUPPORTS_MACCATALYST = YES;
				SUPPORTS_MAC_DESIGNED_FOR_IPHONE_IPAD = NO;
				SWIFT_EMIT_LOC_STRINGS = YES;
				SWIFT_VERSION = 5.0;
				TARGETED_DEVICE_FAMILY = "1,2";
				VALIDATE_PRODUCT = YES;
			};
			name = Release;
		};
		8A69E5082798E5FE00141808 /* Debug */ = {
			isa = XCBuildConfiguration;
			buildSettings = {
				ALWAYS_EMBED_SWIFT_STANDARD_LIBRARIES = YES;
				BUNDLE_LOADER = "$(TEST_HOST)";
				CODE_SIGN_STYLE = Automatic;
				CURRENT_PROJECT_VERSION = 1;
				DEVELOPMENT_TEAM = PY7A948CXQ;
				GENERATE_INFOPLIST_FILE = YES;
				IPHONEOS_DEPLOYMENT_TARGET = 15.2;
				MARKETING_VERSION = 1.0;
				PRODUCT_BUNDLE_IDENTIFIER = com.josiah.OptiModTests;
				PRODUCT_NAME = "$(TARGET_NAME)";
				SDKROOT = iphoneos;
				SWIFT_EMIT_LOC_STRINGS = NO;
				SWIFT_VERSION = 5.0;
				TARGETED_DEVICE_FAMILY = "1,2";
				TEST_HOST = "$(BUILT_PRODUCTS_DIR)/OptiMod.app/OptiMod";
			};
			name = Debug;
		};
		8A69E5092798E5FE00141808 /* Release */ = {
			isa = XCBuildConfiguration;
			buildSettings = {
				ALWAYS_EMBED_SWIFT_STANDARD_LIBRARIES = YES;
				BUNDLE_LOADER = "$(TEST_HOST)";
				CODE_SIGN_STYLE = Automatic;
				CURRENT_PROJECT_VERSION = 1;
				DEVELOPMENT_TEAM = PY7A948CXQ;
				GENERATE_INFOPLIST_FILE = YES;
				IPHONEOS_DEPLOYMENT_TARGET = 15.2;
				MARKETING_VERSION = 1.0;
				PRODUCT_BUNDLE_IDENTIFIER = com.josiah.OptiModTests;
				PRODUCT_NAME = "$(TARGET_NAME)";
				SDKROOT = iphoneos;
				SWIFT_EMIT_LOC_STRINGS = NO;
				SWIFT_VERSION = 5.0;
				TARGETED_DEVICE_FAMILY = "1,2";
				TEST_HOST = "$(BUILT_PRODUCTS_DIR)/OptiMod.app/OptiMod";
				VALIDATE_PRODUCT = YES;
			};
			name = Release;
		};
		8A69E50B2798E5FE00141808 /* Debug */ = {
			isa = XCBuildConfiguration;
			buildSettings = {
				ALWAYS_EMBED_SWIFT_STANDARD_LIBRARIES = YES;
				CODE_SIGN_STYLE = Automatic;
				CURRENT_PROJECT_VERSION = 1;
				DEVELOPMENT_TEAM = PY7A948CXQ;
				GENERATE_INFOPLIST_FILE = YES;
				IPHONEOS_DEPLOYMENT_TARGET = 15.2;
				MARKETING_VERSION = 1.0;
				PRODUCT_BUNDLE_IDENTIFIER = com.josiah.OptiModUITests;
				PRODUCT_NAME = "$(TARGET_NAME)";
				SDKROOT = iphoneos;
				SWIFT_EMIT_LOC_STRINGS = NO;
				SWIFT_VERSION = 5.0;
				TARGETED_DEVICE_FAMILY = "1,2";
				TEST_TARGET_NAME = OptiMod;
			};
			name = Debug;
		};
		8A69E50C2798E5FE00141808 /* Release */ = {
			isa = XCBuildConfiguration;
			buildSettings = {
				ALWAYS_EMBED_SWIFT_STANDARD_LIBRARIES = YES;
				CODE_SIGN_STYLE = Automatic;
				CURRENT_PROJECT_VERSION = 1;
				DEVELOPMENT_TEAM = PY7A948CXQ;
				GENERATE_INFOPLIST_FILE = YES;
				IPHONEOS_DEPLOYMENT_TARGET = 15.2;
				MARKETING_VERSION = 1.0;
				PRODUCT_BUNDLE_IDENTIFIER = com.josiah.OptiModUITests;
				PRODUCT_NAME = "$(TARGET_NAME)";
				SDKROOT = iphoneos;
				SWIFT_EMIT_LOC_STRINGS = NO;
				SWIFT_VERSION = 5.0;
				TARGETED_DEVICE_FAMILY = "1,2";
				TEST_TARGET_NAME = OptiMod;
				VALIDATE_PRODUCT = YES;
			};
			name = Release;
		};
=======
>>>>>>> parent of 4a9dd0c (Got more of em)
=======
>>>>>>> parent of 4a9dd0c (Got more of em)
=======
>>>>>>> parent of 4a9dd0c (Got more of em)
/* End XCBuildConfiguration section */

/* Begin XCConfigurationList section */
		8A41EA6827CAB91800F6491C /* Build configuration list for PBXNativeTarget "jmt" */ = {
			isa = XCConfigurationList;
			buildConfigurations = (
				8A41EA6927CAB91800F6491C /* Debug */,
				8A41EA6A27CAB91800F6491C /* Release */,
			);
			defaultConfigurationIsVisible = 0;
			defaultConfigurationName = Release;
		};
<<<<<<< HEAD
		8A5048D627CAF69300C05E92 /* Build configuration list for PBXNativeTarget "Mod File" */ = {
			isa = XCConfigurationList;
			buildConfigurations = (
				8A5048D727CAF69300C05E92 /* Debug */,
				8A5048D827CAF69300C05E92 /* Release */,
			);
			defaultConfigurationIsVisible = 0;
			defaultConfigurationName = Release;
		};
		8A504A0327CDD8BE00C05E92 /* Build configuration list for PBXNativeTarget "HaxeKey" */ = {
			isa = XCConfigurationList;
			buildConfigurations = (
				8A504A0427CDD8BE00C05E92 /* Debug */,
				8A504A0527CDD8BE00C05E92 /* Release */,
			);
			defaultConfigurationIsVisible = 0;
			defaultConfigurationName = Release;
		};
<<<<<<< HEAD
		8A69E3AE2795F25900141808 /* Build configuration list for PBXProject "Josiah Modding Tools" */ = {
			isa = XCConfigurationList;
			buildConfigurations = (
				8A69E3D62795F25C00141808 /* Debug */,
				8A69E3D72795F25C00141808 /* Release */,
			);
			defaultConfigurationIsVisible = 0;
			defaultConfigurationName = Release;
		};
		8A69E3D82795F25C00141808 /* Build configuration list for PBXNativeTarget "Josiah Modding Tools" */ = {
			isa = XCConfigurationList;
			buildConfigurations = (
				8A69E3D92795F25C00141808 /* Debug */,
				8A69E3DA2795F25C00141808 /* Release */,
			);
			defaultConfigurationIsVisible = 0;
			defaultConfigurationName = Release;
		};
		8A69E3DB2795F25C00141808 /* Build configuration list for PBXNativeTarget "Josiah Modding ToolsTests" */ = {
			isa = XCConfigurationList;
			buildConfigurations = (
				8A69E3DC2795F25C00141808 /* Debug */,
				8A69E3DD2795F25C00141808 /* Release */,
			);
			defaultConfigurationIsVisible = 0;
			defaultConfigurationName = Release;
		};
		8A69E3DE2795F25C00141808 /* Build configuration list for PBXNativeTarget "Josiah Modding ToolsUITests" */ = {
			isa = XCConfigurationList;
			buildConfigurations = (
				8A69E3DF2795F25C00141808 /* Debug */,
				8A69E3E02795F25C00141808 /* Release */,
			);
			defaultConfigurationIsVisible = 0;
			defaultConfigurationName = Release;
		};
=======
>>>>>>> parent of 4a9dd0c (Got more of em)
=======
>>>>>>> parent of 4a9dd0c (Got more of em)
/* End XCConfigurationList section */
	};
	rootObject = 8A69E3AB2795F25900141808 /* Project object */;
}
